{
    "_meta": {
        "hash": {
            "sha256": "0baa38613e6003f6da805e6eca9c00311a3d2b07c08f1055c992c68af257c1d3"
        },
        "pipfile-spec": 6,
        "requires": {
            "python_version": "3.7"
        },
        "sources": [
            {
                "name": "pypi",
                "url": "https://pypi.org/simple",
                "verify_ssl": true
            }
        ]
    },
    "default": {
        "certifi": {
            "hashes": [
                "sha256:e4f3620cfea4f83eedc95b24abd9cd56f3c4b146dd0177e83a21b4eb49e21e50",
                "sha256:fd7c7c74727ddcf00e9acd26bba8da604ffec95bf1c2144e67aff7a8b50e6cef"
            ],
            "version": "==2019.9.11"
        },
        "chardet": {
            "hashes": [
                "sha256:84ab92ed1c4d4f16916e05906b6b75a6c0fb5db821cc65e70cbd64a3e2a5eaae",
                "sha256:fc323ffcaeaed0e0a02bf4d117757b98aed530d9ed4531e3e15460124c106691"
            ],
            "version": "==3.0.4"
        },
        "cython": {
            "hashes": [
                "sha256:07efba7b32c082c519b75e3b03821c2f32848e2b3e9986c784bbd8ffaf0666d7",
                "sha256:08db41daf18fabf7b7a85e39aa26954f6246994540043194af026c0df65a4942",
                "sha256:19bbe3caf885a1d2e2c30eacc10d1e45dbbefb156493fe1d5d1adc1668cc1269",
                "sha256:1c574f2f2ba760b82b2bcf6262e77e75589247dc5ef796a3ff1b2213e50ee452",
                "sha256:1dfe672c686e34598bdbaa93c3b30acb3720ae9258232a4f68ba04ee9969063d",
                "sha256:283faea84e6c4e54c3f5c8ff89aa2b6c1c3a813aad4f6d48ed3b9cc9043ef9f9",
                "sha256:2a145888d0942e7c36e86a7b7c7e2923cb9f7055805a3b72dcb137e3efdb0979",
                "sha256:3f75065936e16569d6e13dfd76de988f5eabeae460aa54770c9b961ab6f747fc",
                "sha256:4d78124f5f281f1d5d5b7919cbbc65a7073ff93562def81ee78a8307e6e72494",
                "sha256:5ba4d088b8e5d59b8a5911ca9c72952acf3c83296b57daf75af92fb2af1e8423",
                "sha256:6b19daeda1d5d1dfc973b291246f6a63a663b20c33980724d6d073c562719536",
                "sha256:790c7dc80fd1c3e38acefe06027e2f5a8466c128c7e47c6e140fd5316132574d",
                "sha256:7f8c4e648881454ba3ba0bcf3b21a9e1878a67d20ea2b8d9ec1c4c628592ab6b",
                "sha256:8bcd3f597290f9902548d6355898d7e376e7f3762f89db9cd50b2b58429df9e8",
                "sha256:8ffb18f71972a5c718a8600d9f52e3507f0d6fb72a978e03270d34a7035c98fb",
                "sha256:92f025df1cb391e09f65775598c7dfb7efad72d74713775db54e267f62ca94a1",
                "sha256:93cf1c72472a2fd0ef4c52f6074dab08fc28d475b9c824ba73a52701f7a48ae1",
                "sha256:9a7fa692cdc967fdbf6a053c1975137d01f6935dede2ef222c71840b290caf79",
                "sha256:a68eb0c1375f2401de881692b30370a51e550052b8e346b2f71bbdbdc74a214f",
                "sha256:ac3b7a12ddd52ea910ee3a041e6bc65df7a52f0ba7bd10fb7123502af482c152",
                "sha256:b402b700edaf571a0bae18ec35d5b71c266873a6616412b672435c10b6d8f041",
                "sha256:c29d069a4a30f472482343c866f7486731ad638ef9af92bfe5fca9c7323d638e",
                "sha256:d822311498f185db449b687336b4e5db7638c8d8b03bdf10ae91d74e23c7cc0c",
                "sha256:dccc8df9e1ac158b06777bbaaeb4516f245f9b147701ae25e6023960e4a0c2a3",
                "sha256:e31f4b946c2765b2f35440fdb4b00c496dfc5babc53c7ae61966b41171d1d59f",
                "sha256:eb43f9e582cc221ee2832e25ea6fe5c06f2acc9da6353c562e922f107db12af8",
                "sha256:f07822248110fd6213db8bc2745fdbbccef6f2b3d18ac91a7fba29c6bc575da5",
                "sha256:ff69854f123b959d4ae14bd5330714bb9ee4360052992dc0fbd0a3dee4261f95"
            ],
            "index": "pypi",
            "version": "==0.29.13"
        },
        "distlib": {
            "hashes": [
                "sha256:2e166e231a26b36d6dfe35a48c4464346620f8645ed0ace01ee31822b288de21"
            ],
            "version": "==0.3.0"
        },
        "idna": {
            "hashes": [
                "sha256:c357b3f628cf53ae2c4c05627ecc484553142ca23264e593d327bcde5e9c3407",
                "sha256:ea8b7f6188e6fa117537c3df7da9fc686d485087abf6ac197f9c46432f7e4a3c"
            ],
            "version": "==2.8"
        },
        "jinja2": {
            "hashes": [
                "sha256:74320bb91f31270f9551d46522e33af46a80c3d619f4a4bf42b3164d30b5911f",
                "sha256:9fe95f19286cfefaa917656583d020be14e7859c6b0252588391e47db34527de"
            ],
            "version": "==2.10.3"
        },
        "lxml": {
            "hashes": [
                "sha256:02ca7bf899da57084041bb0f6095333e4d239948ad3169443f454add9f4e9cb4",
                "sha256:096b82c5e0ea27ce9138bcbb205313343ee66a6e132f25c5ed67e2c8d960a1bc",
                "sha256:0a920ff98cf1aac310470c644bc23b326402d3ef667ddafecb024e1713d485f1",
                "sha256:1409b14bf83a7d729f92e2a7fbfe7ec929d4883ca071b06e95c539ceedb6497c",
                "sha256:17cae1730a782858a6e2758fd20dd0ef7567916c47757b694a06ffafdec20046",
                "sha256:17e3950add54c882e032527795c625929613adbd2ce5162b94667334458b5a36",
                "sha256:1f4f214337f6ee5825bf90a65d04d70aab05526c08191ab888cb5149501923c5",
                "sha256:2e8f77db25b0a96af679e64ff9bf9dddb27d379c9900c3272f3041c4d1327c9d",
                "sha256:4dffd405390a45ecb95ab5ab1c1b847553c18b0ef8ed01e10c1c8b1a76452916",
                "sha256:6b899931a5648862c7b88c795eddff7588fb585e81cecce20f8d9da16eff96e0",
                "sha256:726c17f3e0d7a7200718c9a890ccfeab391c9133e363a577a44717c85c71db27",
                "sha256:760c12276fee05c36f95f8040180abc7fbebb9e5011447a97cdc289b5d6ab6fc",
                "sha256:796685d3969815a633827c818863ee199440696b0961e200b011d79b9394bbe7",
                "sha256:891fe897b49abb7db470c55664b198b1095e4943b9f82b7dcab317a19116cd38",
                "sha256:9277562f175d2334744ad297568677056861070399cec56ff06abbe2564d1232",
                "sha256:a471628e20f03dcdfde00770eeaf9c77811f0c331c8805219ca7b87ac17576c5",
                "sha256:a63b4fd3e2cabdcc9d918ed280bdde3e8e9641e04f3c59a2a3109644a07b9832",
                "sha256:ae88588d687bd476be588010cbbe551e9c2872b816f2da8f01f6f1fda74e1ef0",
                "sha256:b0b84408d4eabc6de9dd1e1e0bc63e7731e890c0b378a62443e5741cfd0ae90a",
                "sha256:be78485e5d5f3684e875dab60f40cddace2f5b2a8f7fede412358ab3214c3a6f",
                "sha256:c27eaed872185f047bb7f7da2d21a7d8913457678c9a100a50db6da890bc28b9",
                "sha256:c7fccd08b14aa437fe096c71c645c0f9be0655a9b1a4b7cffc77bcb23b3d61d2",
                "sha256:c81cb40bff373ab7a7446d6bbca0190bccc5be3448b47b51d729e37799bb5692",
                "sha256:d11874b3c33ee441059464711cd365b89fa1a9cf19ae75b0c189b01fbf735b84",
                "sha256:e9c028b5897901361d81a4718d1db217b716424a0283afe9d6735fe0caf70f79",
                "sha256:fe489d486cd00b739be826e8c1be188ddb74c7a1ca784d93d06fda882a6a1681"
            ],
            "index": "pypi",
            "version": "==4.4.1"
        },
        "markupsafe": {
            "hashes": [
                "sha256:00bc623926325b26bb9605ae9eae8a215691f33cae5df11ca5424f06f2d1f473",
                "sha256:09027a7803a62ca78792ad89403b1b7a73a01c8cb65909cd876f7fcebd79b161",
                "sha256:09c4b7f37d6c648cb13f9230d847adf22f8171b1ccc4d5682398e77f40309235",
                "sha256:1027c282dad077d0bae18be6794e6b6b8c91d58ed8a8d89a89d59693b9131db5",
                "sha256:24982cc2533820871eba85ba648cd53d8623687ff11cbb805be4ff7b4c971aff",
                "sha256:29872e92839765e546828bb7754a68c418d927cd064fd4708fab9fe9c8bb116b",
                "sha256:43a55c2930bbc139570ac2452adf3d70cdbb3cfe5912c71cdce1c2c6bbd9c5d1",
                "sha256:46c99d2de99945ec5cb54f23c8cd5689f6d7177305ebff350a58ce5f8de1669e",
                "sha256:500d4957e52ddc3351cabf489e79c91c17f6e0899158447047588650b5e69183",
                "sha256:535f6fc4d397c1563d08b88e485c3496cf5784e927af890fb3c3aac7f933ec66",
                "sha256:62fe6c95e3ec8a7fad637b7f3d372c15ec1caa01ab47926cfdf7a75b40e0eac1",
                "sha256:6dd73240d2af64df90aa7c4e7481e23825ea70af4b4922f8ede5b9e35f78a3b1",
                "sha256:717ba8fe3ae9cc0006d7c451f0bb265ee07739daf76355d06366154ee68d221e",
                "sha256:79855e1c5b8da654cf486b830bd42c06e8780cea587384cf6545b7d9ac013a0b",
                "sha256:7c1699dfe0cf8ff607dbdcc1e9b9af1755371f92a68f706051cc8c37d447c905",
                "sha256:88e5fcfb52ee7b911e8bb6d6aa2fd21fbecc674eadd44118a9cc3863f938e735",
                "sha256:8defac2f2ccd6805ebf65f5eeb132adcf2ab57aa11fdf4c0dd5169a004710e7d",
                "sha256:98c7086708b163d425c67c7a91bad6e466bb99d797aa64f965e9d25c12111a5e",
                "sha256:9add70b36c5666a2ed02b43b335fe19002ee5235efd4b8a89bfcf9005bebac0d",
                "sha256:9bf40443012702a1d2070043cb6291650a0841ece432556f784f004937f0f32c",
                "sha256:ade5e387d2ad0d7ebf59146cc00c8044acbd863725f887353a10df825fc8ae21",
                "sha256:b00c1de48212e4cc9603895652c5c410df699856a2853135b3967591e4beebc2",
                "sha256:b1282f8c00509d99fef04d8ba936b156d419be841854fe901d8ae224c59f0be5",
                "sha256:b2051432115498d3562c084a49bba65d97cf251f5a331c64a12ee7e04dacc51b",
                "sha256:ba59edeaa2fc6114428f1637ffff42da1e311e29382d81b339c1817d37ec93c6",
                "sha256:c8716a48d94b06bb3b2524c2b77e055fb313aeb4ea620c8dd03a105574ba704f",
                "sha256:cd5df75523866410809ca100dc9681e301e3c27567cf498077e8551b6d20e42f",
                "sha256:e249096428b3ae81b08327a63a485ad0878de3fb939049038579ac0ef61e17e7"
            ],
            "version": "==1.1.1"
        },
        "mmh3": {
            "hashes": [
                "sha256:185209a217c52afe43e079e5b232d0ef0f3a262601eaaf4371326ab6dcbec508"
            ],
            "index": "pypi",
            "version": "==2.5.1"
        },
        "numpy": {
            "hashes": [
                "sha256:1b1cf8f7300cf7b11ddb4250b3898c711a6187df05341b5b7153db23ffe5d498",
                "sha256:27a0d018f608a3fe34ac5e2b876f4c23c47e38295c47dd0775cc294cd2614bc1",
                "sha256:3fde172e28c899580d32dc21cb6d4a1225d62362f61050b654545c662eac215a",
                "sha256:497d7c86df4f85eb03b7f58a7dd0f8b948b1f582e77629341f624ba301b4d204",
                "sha256:4e28e66cf80c09a628ae680efeb0aa9a066eb4bb7db2a5669024c5b034891576",
                "sha256:58be95faf0ca2d886b5b337e7cba2923e3ad1224b806a91223ea39f1e0c77d03",
                "sha256:5b4dfb6551eaeaf532054e2c6ef4b19c449c2e3a709ebdde6392acb1372ecabc",
                "sha256:63f833a7c622e9082df3cbaf03b4fd92d7e0c11e2f9d87cb57dbf0e84441964b",
                "sha256:71bf3b7ca15b1967bba3a1ef6a8e87286382a8b5e46ac76b42a02fe787c5237d",
                "sha256:733dc5d47e71236263837825b69c975bc08728ae638452b34aeb1d6fa347b780",
                "sha256:82f00a1e2695a0e5b89879aa25ea614530b8ebdca6d49d4834843d498e8a5e92",
                "sha256:866bf72b9c3bfabe4476d866c70ee1714ad3e2f7b7048bb934892335e7b6b1f7",
                "sha256:8aeac8b08f4b8c52129518efcd93706bb6d506ccd17830b67d18d0227cf32d9e",
                "sha256:8d2cfb0aef7ec8759736cce26946efa084cdf49797712333539ef7d135e0295e",
                "sha256:981224224bbf44d95278eb37996162e8beb6f144d2719b144e86dfe2fce6c510",
                "sha256:981daff58fa3985a26daa4faa2b726c4e7a1d45178100125c0e1fdaf2ac64978",
                "sha256:9ad36dbfdbb0cba90a08e7343fadf86f43cf6d87450e8d2b5d71d7c7202907e4",
                "sha256:a251570bb3cb04f1627f23c234ad09af0e54fc8194e026cf46178f2e5748d647",
                "sha256:b5ff7dae352fd9e1edddad1348698e9fea14064460a7e39121ef9526745802e6",
                "sha256:c898f9cca806102fcacb6309899743aa39efb2ad2a302f4c319f54db9f05cd84",
                "sha256:cf4b970042ce148ad8dce4369c02a4078b382dadf20067ce2629c239d76460d1",
                "sha256:d1569013e8cc8f37e9769d19effdd85e404c976cd0ca28a94e3ddc026c216ae8",
                "sha256:dca261e85fe0d34b2c242ecb31c9ab693509af2cf955d9caf01ee3ef3669abd0",
                "sha256:ec8bf53ef7c92c99340972519adbe122e82c81d5b87cbd955c74ba8a8cd2a4ad",
                "sha256:f2e55726a9ee2e8129d6ce6abb466304868051bcc7a09d652b3b07cd86e801a2",
                "sha256:f4dee74f2626c783a3804df9191e9008946a104d5a284e52427a53ff576423cb",
                "sha256:f592fd7fe1f20b5041928cce1330937eca62f9058cb41e69c2c2d83cffc0d1e3",
                "sha256:ffab5b80bba8c86251291b8ce2e6c99a61446459d4c6637f5d5cc8c9ce37c972"
            ],
            "index": "pypi",
            "version": "==1.15.2"
        },
        "openimageio": {
            "file": "https://piwigo.ilikeviecher.com/ftp-upload/packages/OpenImageIO-2.0.7-cp37-cp37m-win_amd64.whl",
            "hashes": [
                "sha256:0927e82a286825eda1d7e2556680e3010b352b1dd755f69cfca679419839b816"
            ],
            "index": "pypi",
            "version": "==2.0.7"
        },
        "pillow": {
            "hashes": [
                "sha256:00fdeb23820f30e43bba78eb9abb00b7a937a655de7760b2e09101d63708b64e",
                "sha256:01f948e8220c85eae1aa1a7f8edddcec193918f933fb07aaebe0bfbbcffefbf1",
                "sha256:08abf39948d4b5017a137be58f1a52b7101700431f0777bec3d897c3949f74e6",
                "sha256:099a61618b145ecb50c6f279666bbc398e189b8bc97544ae32b8fcb49ad6b830",
                "sha256:2c1c61546e73de62747e65807d2cc4980c395d4c5600ecb1f47a650c6fa78c79",
                "sha256:2ed9c4f694861642401f27dc3cb99772be67cd190e84845c749dae0a06c3bfae",
                "sha256:338581b30b908e111be578f0297255f6b57a51358cd16fa0e6f664c9a1f88bff",
                "sha256:38c7d48a21cd06fdeee93987147b9b1c55b73b4cfcbf83240568bfbd5adee447",
                "sha256:43fd026f613c8e48a25eba1a92f4d2ad7f3903c95d8c33a11611a7717d2ab654",
                "sha256:4548236844327a718ce3bb182ab32a16fa2050c61e334e959f554cac052fb0df",
                "sha256:5090857876c58885cfa388dc649e5db30aae98a068c26f3fd0ac9d7d9a4d9572",
                "sha256:5bbba34f97a26a93f5e8dec469ca4ddd712451418add43da946dbaed7f7a98d2",
                "sha256:65a28969a025a0eb4594637b6103201dc4ed2a9508bdab56ac33e43e3081c404",
                "sha256:892bb52b70bd5ea9dbbc3ac44f38e84f5a04e9d8b1bff48159d96cb795b81159",
                "sha256:8a9becd5cbd5062f973bcd2e7bc79483af310222de112b6541f8af1f93a3cc42",
                "sha256:972a7aaeb7c4a2795b52eef52ee991ef040b31009f36deca6207a986607b55f3",
                "sha256:97b119c436bfa96a92ac2ca525f7025836d4d4e64b1c9f9eff8dbaf3ff1d86f3",
                "sha256:9ba37698e242223f8053cc158f130aee046a96feacbeab65893dbe94f5530118",
                "sha256:b1b0e1f626a0f079c0d3696db70132fb1f29aa87c66aecb6501a9b8be64ce9f7",
                "sha256:c14c1224fd1a5be2733530d648a316974dbbb3c946913562c6005a76f21ca042",
                "sha256:c79a8546c48ae6465189e54e3245a97ddf21161e33ff7eaa42787353417bb2b6",
                "sha256:ceb76935ac4ebdf6d7bc845482a4450b284c6ccfb281e34da51d510658ab34d8",
                "sha256:e22bffaad04b4d16e1c091baed7f2733fc1ebb91e0c602abf1b6834d17158b1f",
                "sha256:ec883b8e44d877bda6f94a36313a1c6063f8b1997aa091628ae2f34c7f97c8d5",
                "sha256:f1baa54d50ec031d1a9beb89974108f8f2c0706f49798f4777df879df0e1adb6",
                "sha256:f53a5385932cda1e2c862d89460992911a89768c65d176ff8c50cddca4d29bed"
            ],
            "index": "pypi",
            "version": "==6.2.0"
        },
        "psutil": {
            "hashes": [
                "sha256:0ff2b16e9045d01edb1dd10d7fbcc184012e37f6cd38029e959f2be9c6223f50",
                "sha256:254adb6a27c888f141d2a6032ae231d8ed4fc5f7583b4c825e5f7d7c78d26d2e",
                "sha256:319e12f6bae4d4d988fbff3bed792953fa3b44c791f085b0a1a230f755671ef7",
                "sha256:529ae235896efb99a6f77653a7138273ab701ec9f0343a1f5030945108dee3c4",
                "sha256:686e5a35fe4c0acc25f3466c32e716f2d498aaae7b7edc03e2305b682226bcf6",
                "sha256:6d981b4d863b20c8ceed98b8ac3d1ca7f96d28707a80845d360fa69c8fc2c44b",
                "sha256:7789885a72aa3075d28d028236eb3f2b84d908f81d38ad41769a6ddc2fd81b7c",
                "sha256:7f4616bcb44a6afda930cfc40215e5e9fa7c6896e683b287c771c937712fbe2f",
                "sha256:7fdb3d02bfd68f508e6745021311a4a4dbfec53fca03721474e985f310e249ba",
                "sha256:a9b85b335b40a528a8e2a6b549592138de8429c6296e7361892958956e6a73cf",
                "sha256:dc85fad15ef98103ecc047a0d81b55bbf5fe1b03313b96e883acc2e2fa87ed5c"
            ],
            "index": "pypi",
            "version": "==5.4.6"
        },
        "pynsist": {
            "hashes": [
                "sha256:447bae9b3611411a1479f8f2a37ba41df4b11430955d875f8de03a65b381ee96",
                "sha256:c954f84b703c59975dfdc62cb500c84e6e0afcade5415005e0ea09010565447e"
            ],
            "index": "pypi",
            "version": "==2.4"
        },
        "pyqt5": {
            "hashes": [
                "sha256:06cb9a1ea1289ca2b2d81f9a2da44a05029d5b4d36fa47b6a0c0b9027ff03fef",
                "sha256:44b263f395045eb5bba34f4df2d269e07b1e073fd359645b022943dd1accadfd",
                "sha256:bb4ec5583baa18f741ec6c229489dc1910290d4ce4d6756a2ea062f7bf6456e6",
                "sha256:c168a8883bbe7877809c3239c5dcfb9e8de5fe7e8e828c8add7e4f77cc8fc02a"
            ],
            "index": "pypi",
            "version": "==5.12.2"
        },
        "pyqt5-sip": {
            "hashes": [
                "sha256:02d94786bada670ab17a2b62ce95b3cf8e3b40c99d36007593a6334d551840bb",
                "sha256:06bc66b50556fb949f14875a4c224423dbf03f972497ccb883fb19b7b7c3b346",
                "sha256:091fbbe10a7aebadc0e8897a9449cda08d3c3f663460d812eca3001ca1ed3526",
                "sha256:0a067ade558befe4d46335b13d8b602b5044363bfd601419b556d4ec659bca18",
                "sha256:1910c1cb5a388d4e59ebb2895d7015f360f3f6eeb1700e7e33e866c53137eb9e",
                "sha256:1c7ad791ec86247f35243bbbdd29cd59989afbe0ab678e0a41211f4407f21dd8",
                "sha256:3c330ff1f70b3eaa6f63dce9274df996dffea82ad9726aa8e3d6cbe38e986b2f",
                "sha256:482a910fa73ee0e36c258d7646ef38f8061774bbc1765a7da68c65056b573341",
                "sha256:7695dfafb4f5549ce1290ae643d6508dfc2646a9003c989218be3ce42a1aa422",
                "sha256:8274ed50f4ffbe91d0f4cc5454394631edfecd75dc327aa01be8bc5818a57e88",
                "sha256:9047d887d97663790d811ac4e0d2e895f1bf2ecac4041691487de40c30239480",
                "sha256:9f6ab1417ecfa6c1ce6ce941e0cebc03e3ec9cd9925058043229a5f003ae5e40",
                "sha256:b43ba2f18999d41c3df72f590348152e14cd4f6dcea2058c734d688dfb1ec61f",
                "sha256:c3ab9ea1bc3f4ce8c57ebc66fb25cd044ef92ed1ca2afa3729854ecc59658905",
                "sha256:da69ba17f6ece9a85617743cb19de689f2d63025bf8001e2facee2ec9bcff18f",
                "sha256:ef3c7a0bf78674b0dda86ff5809d8495019903a096c128e1f160984b37848f73",
                "sha256:fabff832046643cdb93920ddaa8f77344df90768930fbe6bb33d211c4dcd0b5e"
            ],
            "version": "==12.7.0"
        },
        "qt-ledwidget": {
            "hashes": [
                "sha256:a927811f71e455acf781bc9c0049541c937254e4b1e20dcdf37a65c80e1868fd",
                "sha256:ea0d65b03b29fb7bcf95d770a185b566f71a283642d3ccccf22695a177b5b5dd"
            ],
            "index": "pypi",
            "version": "==0.2"
        },
        "requests": {
            "hashes": [
                "sha256:11e007a8a2aa0323f5a921e9e6a2d7e4e67d9877e85773fba9ba6419025cbeb4",
                "sha256:9cf5292fcd0f598c671cfc1e0d7d1a7f13bb8085e9a590f48c010551dc6c4b31"
            ],
            "version": "==2.22.0"
        },
        "requests-download": {
            "hashes": [
                "sha256:92d895a6ca51ea51aa42bab864bddaee31b5601c7e7e1ade4c27b0eb6695d846",
                "sha256:994d9d332befae6616f562769bab163f08d6404dc7e28fb7bfed4a0a43a754ad"
            ],
            "version": "==0.1.2"
        },
        "urllib3": {
            "hashes": [
                "sha256:3de946ffbed6e6746608990594d08faac602528ac7015ac28d33cee6a45b7398",
                "sha256:9a107b99a5393caf59c7aa3c1249c16e6879447533d0887f4336dde834c7be86"
            ],
            "version": "==1.25.6"
        },
        "yarg": {
            "hashes": [
                "sha256:4f9cebdc00fac946c9bf2783d634e538a71c7d280a4d806d45fd4dc0ef441492",
                "sha256:55695bf4d1e3e7f756496c36a69ba32c40d18f821e38f61d028f6049e5e15911"
            ],
            "version": "==0.1.9"
        }
    },
    "develop": {}
}
